
Microsoft Visual Studio Solution File, Format Version 12.00
# Visual Studio Version 16
VisualStudioVersion = 16.0.33529.622
MinimumVisualStudioVersion = 10.0.40219.1
Project("{FAE04EC0-301F-11D3-BF4B-00C04F79EFBC}") = "cardgame", "cardgame\cardgame.csproj", "{8530E9EF-2732-4E37-A441-C88C487C59DA}"
EndProject
Global
	GlobalSection(SolutionConfigurationPlatforms) = preSolution
		Debug|Any CPU = Debug|Any CPU
		Release|Any CPU = Release|Any CPU
	EndGlobalSection
	GlobalSection(ProjectConfigurationPlatforms) = postSolution
		{8530E9EF-2732-4E37-A441-C88C487C59DA}.Debug|Any CPU.ActiveCfg = Debug|Any CPU
		{8530E9EF-2732-4E37-A441-C88C487C59DA}.Debug|Any CPU.Build.0 = Debug|Any CPU
		{8530E9EF-2732-4E37-A441-C88C487C59DA}.Release|Any CPU.ActiveCfg = Release|Any CPU
		{8530E9EF-2732-4E37-A441-C88C487C59DA}.Release|Any CPU.Build.0 = Release|Any CPU
	EndGlobalSection
	GlobalSection(SolutionProperties) = preSolution
		HideSolutionNode = FALSE
	EndGlobalSection
	GlobalSection(ExtensibilityGlobals) = postSolution
		SolutionGuid = {4CC8EC6A-5E94-4424-9E6D-EA5081D45FDF}
	EndGlobalSection
EndGlobal
